
Microsoft Visual Studio Solution File, Format Version 12.00
# Visual Studio Version 17
VisualStudioVersion = 17.7.34202.233
MinimumVisualStudioVersion = 10.0.40219.1
Project("{2150E333-8FDC-42A3-9474-1A3956D46DE8}") = "Libraries", "Libraries", "{936659D4-7F7B-4A84-8AE0-A1DE9203759B}"
EndProject
Project("{2150E333-8FDC-42A3-9474-1A3956D46DE8}") = "WindowsServices", "WindowsServices", "{208CA0BA-21BF-428D-8AEC-C6BA433722FD}"
EndProject
Project("{2150E333-8FDC-42A3-9474-1A3956D46DE8}") = "Common", "Common", "{29F916F5-749A-465E-AD0F-A5AED576C864}"
EndProject
Project("{9A19103F-16F7-4668-BE54-9A1E7A4F7556}") = "MessageModel", "Libraries\MessageModel\MessageModel.csproj", "{3A86C82F-D2D6-4728-8F30-2720B87E1296}"
EndProject
Project("{9A19103F-16F7-4668-BE54-9A1E7A4F7556}") = "PlcCommunication", "Libraries\PlcCommunication\PlcCommunication.csproj", "{32357231-470D-4F19-98B8-443668163C8E}"
EndProject
Project("{9A19103F-16F7-4668-BE54-9A1E7A4F7556}") = "MessageBroker.Common", "Libraries\MessageBroker.Common\MessageBroker.Common.csproj", "{95757AB2-4DC3-434B-A9ED-99E62245C788}"
EndProject
Project("{9A19103F-16F7-4668-BE54-9A1E7A4F7556}") = "TaskLog", "Libraries\TaskLog\TaskLog.csproj", "{52CE79D1-22AB-476B-ABA1-2C1DD898F150}"
EndProject
Project("{9A19103F-16F7-4668-BE54-9A1E7A4F7556}") = "DataMonitoringService", "WindowsServices\DataMonitoringService\DataMonitoringService.csproj", "{E97F7E65-226E-42C5-9732-5A100C8AFA36}"
EndProject
Project("{9A19103F-16F7-4668-BE54-9A1E7A4F7556}") = "LoggerService", "WindowsServices\LoggerService\LoggerService.csproj", "{5AD680C0-9E24-4BE0-A947-FEA75051C283}"
EndProject
Project("{9A19103F-16F7-4668-BE54-9A1E7A4F7556}") = "MessageManagerService", "WindowsServices\MessageManagerService\MessageManagerService.csproj", "{58EA8377-1330-4E87-80AC-F9C76476B69E}"
EndProject
Project("{9A19103F-16F7-4668-BE54-9A1E7A4F7556}") = "DataAccess", "DataAccess\DataAccess.csproj", "{FCA3CC1B-7E19-4D06-8272-FA4FB45794CE}"
EndProject
Project("{9A19103F-16F7-4668-BE54-9A1E7A4F7556}") = "MathModelOnline", "WindowsServices\MathModelOnline\MathModelOnline.csproj", "{C5E1E39F-37F8-4349-B8EA-800CDE35AF64}"
EndProject
Project("{9A19103F-16F7-4668-BE54-9A1E7A4F7556}") = "SampleDataService", "WindowsServices\SampleDataService\SampleDataService.csproj", "{963207CD-C3DA-48EB-B3AF-05C3F4143E4A}"
EndProject
Project("{9A19103F-16F7-4668-BE54-9A1E7A4F7556}") = "SendService", "WindowsServices\SendService\SendService.csproj", "{0A9103A9-E79A-4FDD-AC8F-6ABDF861EBEB}"
EndProject
Project("{9A19103F-16F7-4668-BE54-9A1E7A4F7556}") = "Entities", "..\Shared\SharedLibrary\Entities\Entities.csproj", "{3FBFF714-4FBD-4856-9757-04412C6EE27E}"
EndProject
Project("{9A19103F-16F7-4668-BE54-9A1E7A4F7556}") = "SharedResources", "Common\SharedResources\SharedResources.csproj", "{69A7757B-424D-470C-BBB0-C6BBD91EA7A1}"
EndProject
Project("{9A19103F-16F7-4668-BE54-9A1E7A4F7556}") = "OnlineLQRAdaptation", "WindowsServices\OnlineLQRAdaptation\OnlineLQRAdaptation.csproj", "{55086B3D-1EE7-4219-A46C-84882105CD06}"
EndProject
Global
	GlobalSection(SolutionConfigurationPlatforms) = preSolution
		Debug|Any CPU = Debug|Any CPU
		Release|Any CPU = Release|Any CPU
	EndGlobalSection
	GlobalSection(ProjectConfigurationPlatforms) = postSolution
		{3A86C82F-D2D6-4728-8F30-2720B87E1296}.Debug|Any CPU.ActiveCfg = Debug|Any CPU
		{3A86C82F-D2D6-4728-8F30-2720B87E1296}.Debug|Any CPU.Build.0 = Debug|Any CPU
		{3A86C82F-D2D6-4728-8F30-2720B87E1296}.Release|Any CPU.ActiveCfg = Release|Any CPU
		{3A86C82F-D2D6-4728-8F30-2720B87E1296}.Release|Any CPU.Build.0 = Release|Any CPU
		{32357231-470D-4F19-98B8-443668163C8E}.Debug|Any CPU.ActiveCfg = Debug|Any CPU
		{32357231-470D-4F19-98B8-443668163C8E}.Debug|Any CPU.Build.0 = Debug|Any CPU
		{32357231-470D-4F19-98B8-443668163C8E}.Release|Any CPU.ActiveCfg = Release|Any CPU
		{32357231-470D-4F19-98B8-443668163C8E}.Release|Any CPU.Build.0 = Release|Any CPU
		{95757AB2-4DC3-434B-A9ED-99E62245C788}.Debug|Any CPU.ActiveCfg = Debug|Any CPU
		{95757AB2-4DC3-434B-A9ED-99E62245C788}.Debug|Any CPU.Build.0 = Debug|Any CPU
		{95757AB2-4DC3-434B-A9ED-99E62245C788}.Release|Any CPU.ActiveCfg = Release|Any CPU
		{95757AB2-4DC3-434B-A9ED-99E62245C788}.Release|Any CPU.Build.0 = Release|Any CPU
		{52CE79D1-22AB-476B-ABA1-2C1DD898F150}.Debug|Any CPU.ActiveCfg = Debug|Any CPU
		{52CE79D1-22AB-476B-ABA1-2C1DD898F150}.Debug|Any CPU.Build.0 = Debug|Any CPU
		{52CE79D1-22AB-476B-ABA1-2C1DD898F150}.Release|Any CPU.ActiveCfg = Release|Any CPU
		{52CE79D1-22AB-476B-ABA1-2C1DD898F150}.Release|Any CPU.Build.0 = Release|Any CPU
		{E97F7E65-226E-42C5-9732-5A100C8AFA36}.Debug|Any CPU.ActiveCfg = Debug|Any CPU
		{E97F7E65-226E-42C5-9732-5A100C8AFA36}.Debug|Any CPU.Build.0 = Debug|Any CPU
		{E97F7E65-226E-42C5-9732-5A100C8AFA36}.Release|Any CPU.ActiveCfg = Release|Any CPU
		{E97F7E65-226E-42C5-9732-5A100C8AFA36}.Release|Any CPU.Build.0 = Release|Any CPU
		{5AD680C0-9E24-4BE0-A947-FEA75051C283}.Debug|Any CPU.ActiveCfg = Debug|Any CPU
		{5AD680C0-9E24-4BE0-A947-FEA75051C283}.Debug|Any CPU.Build.0 = Debug|Any CPU
		{5AD680C0-9E24-4BE0-A947-FEA75051C283}.Release|Any CPU.ActiveCfg = Release|Any CPU
		{5AD680C0-9E24-4BE0-A947-FEA75051C283}.Release|Any CPU.Build.0 = Release|Any CPU
		{58EA8377-1330-4E87-80AC-F9C76476B69E}.Debug|Any CPU.ActiveCfg = Debug|Any CPU
		{58EA8377-1330-4E87-80AC-F9C76476B69E}.Debug|Any CPU.Build.0 = Debug|Any CPU
		{58EA8377-1330-4E87-80AC-F9C76476B69E}.Release|Any CPU.ActiveCfg = Release|Any CPU
		{58EA8377-1330-4E87-80AC-F9C76476B69E}.Release|Any CPU.Build.0 = Release|Any CPU
		{FCA3CC1B-7E19-4D06-8272-FA4FB45794CE}.Debug|Any CPU.ActiveCfg = Debug|Any CPU
		{FCA3CC1B-7E19-4D06-8272-FA4FB45794CE}.Debug|Any CPU.Build.0 = Debug|Any CPU
		{FCA3CC1B-7E19-4D06-8272-FA4FB45794CE}.Release|Any CPU.ActiveCfg = Release|Any CPU
		{FCA3CC1B-7E19-4D06-8272-FA4FB45794CE}.Release|Any CPU.Build.0 = Release|Any CPU
		{C5E1E39F-37F8-4349-B8EA-800CDE35AF64}.Debug|Any CPU.ActiveCfg = Debug|Any CPU
		{C5E1E39F-37F8-4349-B8EA-800CDE35AF64}.Debug|Any CPU.Build.0 = Debug|Any CPU
		{C5E1E39F-37F8-4349-B8EA-800CDE35AF64}.Release|Any CPU.ActiveCfg = Release|Any CPU
		{C5E1E39F-37F8-4349-B8EA-800CDE35AF64}.Release|Any CPU.Build.0 = Release|Any CPU
		{963207CD-C3DA-48EB-B3AF-05C3F4143E4A}.Debug|Any CPU.ActiveCfg = Debug|Any CPU
		{963207CD-C3DA-48EB-B3AF-05C3F4143E4A}.Debug|Any CPU.Build.0 = Debug|Any CPU
		{963207CD-C3DA-48EB-B3AF-05C3F4143E4A}.Release|Any CPU.ActiveCfg = Release|Any CPU
		{963207CD-C3DA-48EB-B3AF-05C3F4143E4A}.Release|Any CPU.Build.0 = Release|Any CPU
		{0A9103A9-E79A-4FDD-AC8F-6ABDF861EBEB}.Debug|Any CPU.ActiveCfg = Debug|Any CPU
		{0A9103A9-E79A-4FDD-AC8F-6ABDF861EBEB}.Debug|Any CPU.Build.0 = Debug|Any CPU
		{0A9103A9-E79A-4FDD-AC8F-6ABDF861EBEB}.Release|Any CPU.ActiveCfg = Release|Any CPU
		{0A9103A9-E79A-4FDD-AC8F-6ABDF861EBEB}.Release|Any CPU.Build.0 = Release|Any CPU
		{3FBFF714-4FBD-4856-9757-04412C6EE27E}.Debug|Any CPU.ActiveCfg = Debug|Any CPU
		{3FBFF714-4FBD-4856-9757-04412C6EE27E}.Debug|Any CPU.Build.0 = Debug|Any CPU
		{3FBFF714-4FBD-4856-9757-04412C6EE27E}.Release|Any CPU.ActiveCfg = Release|Any CPU
		{3FBFF714-4FBD-4856-9757-04412C6EE27E}.Release|Any CPU.Build.0 = Release|Any CPU
		{69A7757B-424D-470C-BBB0-C6BBD91EA7A1}.Debug|Any CPU.ActiveCfg = Debug|Any CPU
		{69A7757B-424D-470C-BBB0-C6BBD91EA7A1}.Debug|Any CPU.Build.0 = Debug|Any CPU
		{69A7757B-424D-470C-BBB0-C6BBD91EA7A1}.Release|Any CPU.ActiveCfg = Release|Any CPU
		{69A7757B-424D-470C-BBB0-C6BBD91EA7A1}.Release|Any CPU.Build.0 = Release|Any CPU
		{55086B3D-1EE7-4219-A46C-84882105CD06}.Debug|Any CPU.ActiveCfg = Debug|Any CPU
		{55086B3D-1EE7-4219-A46C-84882105CD06}.Debug|Any CPU.Build.0 = Debug|Any CPU
		{55086B3D-1EE7-4219-A46C-84882105CD06}.Release|Any CPU.ActiveCfg = Release|Any CPU
		{55086B3D-1EE7-4219-A46C-84882105CD06}.Release|Any CPU.Build.0 = Release|Any CPU
	EndGlobalSection
	GlobalSection(SolutionProperties) = preSolution
		HideSolutionNode = FALSE
	EndGlobalSection
	GlobalSection(NestedProjects) = preSolution
		{3A86C82F-D2D6-4728-8F30-2720B87E1296} = {936659D4-7F7B-4A84-8AE0-A1DE9203759B}
		{32357231-470D-4F19-98B8-443668163C8E} = {936659D4-7F7B-4A84-8AE0-A1DE9203759B}
		{95757AB2-4DC3-434B-A9ED-99E62245C788} = {936659D4-7F7B-4A84-8AE0-A1DE9203759B}
		{52CE79D1-22AB-476B-ABA1-2C1DD898F150} = {936659D4-7F7B-4A84-8AE0-A1DE9203759B}
		{E97F7E65-226E-42C5-9732-5A100C8AFA36} = {208CA0BA-21BF-428D-8AEC-C6BA433722FD}
		{5AD680C0-9E24-4BE0-A947-FEA75051C283} = {208CA0BA-21BF-428D-8AEC-C6BA433722FD}
		{58EA8377-1330-4E87-80AC-F9C76476B69E} = {208CA0BA-21BF-428D-8AEC-C6BA433722FD}
		{FCA3CC1B-7E19-4D06-8272-FA4FB45794CE} = {936659D4-7F7B-4A84-8AE0-A1DE9203759B}
		{C5E1E39F-37F8-4349-B8EA-800CDE35AF64} = {208CA0BA-21BF-428D-8AEC-C6BA433722FD}
		{963207CD-C3DA-48EB-B3AF-05C3F4143E4A} = {208CA0BA-21BF-428D-8AEC-C6BA433722FD}
		{0A9103A9-E79A-4FDD-AC8F-6ABDF861EBEB} = {208CA0BA-21BF-428D-8AEC-C6BA433722FD}
		{3FBFF714-4FBD-4856-9757-04412C6EE27E} = {936659D4-7F7B-4A84-8AE0-A1DE9203759B}
		{69A7757B-424D-470C-BBB0-C6BBD91EA7A1} = {29F916F5-749A-465E-AD0F-A5AED576C864}
		{55086B3D-1EE7-4219-A46C-84882105CD06} = {208CA0BA-21BF-428D-8AEC-C6BA433722FD}
	EndGlobalSection
	GlobalSection(ExtensibilityGlobals) = postSolution
		SolutionGuid = {90892C73-AEF4-40CE-929E-FE95951F13EB}
	EndGlobalSection
EndGlobal
