
Microsoft Visual Studio Solution File, Format Version 12.00
# Visual Studio Version 17
VisualStudioVersion = 17.10.35013.160
MinimumVisualStudioVersion = 10.0.40219.1
Project("{9A19103F-16F7-4668-BE54-9A1E7A4F7556}") = "Entities", "Entities\Entities.csproj", "{689E0CEF-1B21-455E-9A49-9C56DE602633}"
EndProject
Global
	GlobalSection(SolutionConfigurationPlatforms) = preSolution
		Debug|Any CPU = Debug|Any CPU
		Release|Any CPU = Release|Any CPU
	EndGlobalSection
	GlobalSection(ProjectConfigurationPlatforms) = postSolution
		{689E0CEF-1B21-455E-9A49-9C56DE602633}.Debug|Any CPU.ActiveCfg = Debug|Any CPU
		{689E0CEF-1B21-455E-9A49-9C56DE602633}.Debug|Any CPU.Build.0 = Debug|Any CPU
		{689E0CEF-1B21-455E-9A49-9C56DE602633}.Release|Any CPU.ActiveCfg = Release|Any CPU
		{689E0CEF-1B21-455E-9A49-9C56DE602633}.Release|Any CPU.Build.0 = Release|Any CPU
	EndGlobalSection
	GlobalSection(SolutionProperties) = preSolution
		HideSolutionNode = FALSE
	EndGlobalSection
	GlobalSection(ExtensibilityGlobals) = postSolution
		SolutionGuid = {6D9F90C9-FC9C-4D60-9516-8276F28D2D40}
	EndGlobalSection
EndGlobal
