
Microsoft Visual Studio Solution File, Format Version 12.00
# Visual Studio Version 17
VisualStudioVersion = 17.7.34202.233
MinimumVisualStudioVersion = 10.0.40219.1
Project("{9A19103F-16F7-4668-BE54-9A1E7A4F7556}") = "VodenkoWeb", "VodenkoWeb\VodenkoWeb.csproj", "{AB530680-2FA6-4527-90A3-B748B5DC51B5}"
EndProject
Project("{9A19103F-16F7-4668-BE54-9A1E7A4F7556}") = "MessageBroker.Common", "..\CommunicationL1L2\Libraries\MessageBroker.Common\MessageBroker.Common.csproj", "{F303003B-49F3-4E10-BD13-568236569AA8}"
EndProject
Project("{9A19103F-16F7-4668-BE54-9A1E7A4F7556}") = "DataAccess", "DataAccess\DataAccess.csproj", "{F6C244E0-334B-41BD-8340-4CCE1A11FB91}"
EndProject
Project("{9A19103F-16F7-4668-BE54-9A1E7A4F7556}") = "ModelProvider", "ModelProvider\ModelProvider.csproj", "{4FC3189E-9DB4-40FA-A425-C4F02A58F8EB}"
EndProject
Project("{9A19103F-16F7-4668-BE54-9A1E7A4F7556}") = "Entities", "..\Shared\SharedLibrary\Entities\Entities.csproj", "{C47BB99F-93DE-4ED9-8D08-BF4F9E1EF863}"
EndProject
Global
	GlobalSection(SolutionConfigurationPlatforms) = preSolution
		Debug|Any CPU = Debug|Any CPU
		Release|Any CPU = Release|Any CPU
	EndGlobalSection
	GlobalSection(ProjectConfigurationPlatforms) = postSolution
		{AB530680-2FA6-4527-90A3-B748B5DC51B5}.Debug|Any CPU.ActiveCfg = Debug|Any CPU
		{AB530680-2FA6-4527-90A3-B748B5DC51B5}.Debug|Any CPU.Build.0 = Debug|Any CPU
		{AB530680-2FA6-4527-90A3-B748B5DC51B5}.Release|Any CPU.ActiveCfg = Release|Any CPU
		{AB530680-2FA6-4527-90A3-B748B5DC51B5}.Release|Any CPU.Build.0 = Release|Any CPU
		{F303003B-49F3-4E10-BD13-568236569AA8}.Debug|Any CPU.ActiveCfg = Debug|Any CPU
		{F303003B-49F3-4E10-BD13-568236569AA8}.Debug|Any CPU.Build.0 = Debug|Any CPU
		{F303003B-49F3-4E10-BD13-568236569AA8}.Release|Any CPU.ActiveCfg = Release|Any CPU
		{F303003B-49F3-4E10-BD13-568236569AA8}.Release|Any CPU.Build.0 = Release|Any CPU
		{F6C244E0-334B-41BD-8340-4CCE1A11FB91}.Debug|Any CPU.ActiveCfg = Debug|Any CPU
		{F6C244E0-334B-41BD-8340-4CCE1A11FB91}.Debug|Any CPU.Build.0 = Debug|Any CPU
		{F6C244E0-334B-41BD-8340-4CCE1A11FB91}.Release|Any CPU.ActiveCfg = Release|Any CPU
		{F6C244E0-334B-41BD-8340-4CCE1A11FB91}.Release|Any CPU.Build.0 = Release|Any CPU
		{4FC3189E-9DB4-40FA-A425-C4F02A58F8EB}.Debug|Any CPU.ActiveCfg = Debug|Any CPU
		{4FC3189E-9DB4-40FA-A425-C4F02A58F8EB}.Debug|Any CPU.Build.0 = Debug|Any CPU
		{4FC3189E-9DB4-40FA-A425-C4F02A58F8EB}.Release|Any CPU.ActiveCfg = Release|Any CPU
		{4FC3189E-9DB4-40FA-A425-C4F02A58F8EB}.Release|Any CPU.Build.0 = Release|Any CPU
		{C47BB99F-93DE-4ED9-8D08-BF4F9E1EF863}.Debug|Any CPU.ActiveCfg = Debug|Any CPU
		{C47BB99F-93DE-4ED9-8D08-BF4F9E1EF863}.Debug|Any CPU.Build.0 = Debug|Any CPU
		{C47BB99F-93DE-4ED9-8D08-BF4F9E1EF863}.Release|Any CPU.ActiveCfg = Release|Any CPU
		{C47BB99F-93DE-4ED9-8D08-BF4F9E1EF863}.Release|Any CPU.Build.0 = Release|Any CPU
	EndGlobalSection
	GlobalSection(SolutionProperties) = preSolution
		HideSolutionNode = FALSE
	EndGlobalSection
	GlobalSection(ExtensibilityGlobals) = postSolution
		SolutionGuid = {B8BC4A6D-A9BB-427D-AA0E-D067F192458A}
	EndGlobalSection
EndGlobal
